
Microsoft Visual Studio Solution File, Format Version 12.00
# Visual Studio Version 16
VisualStudioVersion = 16.0.29613.14
MinimumVisualStudioVersion = 10.0.40219.1
Project("{FAE04EC0-301F-11D3-BF4B-00C04F79EFBC}") = "MVCDemo", "MVCDemo\MVCDemo.csproj", "{5AB11E3D-0C36-42BA-BED7-B83F61086A69}"
EndProject
Global
	GlobalSection(SolutionConfigurationPlatforms) = preSolution
		Debug|Any CPU = Debug|Any CPU
		Release|Any CPU = Release|Any CPU
	EndGlobalSection
	GlobalSection(ProjectConfigurationPlatforms) = postSolution
		{5AB11E3D-0C36-42BA-BED7-B83F61086A69}.Debug|Any CPU.ActiveCfg = Debug|Any CPU
		{5AB11E3D-0C36-42BA-BED7-B83F61086A69}.Debug|Any CPU.Build.0 = Debug|Any CPU
		{5AB11E3D-0C36-42BA-BED7-B83F61086A69}.Release|Any CPU.ActiveCfg = Release|Any CPU
		{5AB11E3D-0C36-42BA-BED7-B83F61086A69}.Release|Any CPU.Build.0 = Release|Any CPU
	EndGlobalSection
	GlobalSection(SolutionProperties) = preSolution
		HideSolutionNode = FALSE
	EndGlobalSection
	GlobalSection(ExtensibilityGlobals) = postSolution
		SolutionGuid = {7B2986A7-2A5B-4D4C-B3B1-A0DA46ED6BCC}
	EndGlobalSection
EndGlobal
